
Microsoft Visual Studio Solution File, Format Version 12.00
# Visual Studio Version 16
VisualStudioVersion = 16.0.29519.181
MinimumVisualStudioVersion = 10.0.40219.1
Project("{FAE04EC0-301F-11D3-BF4B-00C04F79EFBC}") = "BTD6-Injector", "BTD6-Injector\BTD6-Injector.csproj", "{1237AE53-5FAE-4F62-95F6-DFB8B6CFEACF}"
EndProject
Project("{8BC9CEB8-8B4A-11D0-8D11-00A0C91BC942}") = "Trainer-CLR", "Trainer-CLR\Trainer-CLR.vcxproj", "{FDED5F20-7040-4AD9-8269-C40C0AF169DB}"
EndProject
Project("{FAE04EC0-301F-11D3-BF4B-00C04F79EFBC}") = "Trainer-Injectable", "Trainer-Injectable\Trainer-Injectable.csproj", "{51CE47A0-BBB1-4580-8337-0EF3B44EC1AA}"
EndProject
Global
	GlobalSection(SolutionConfigurationPlatforms) = preSolution
		Debug|Any CPU = Debug|Any CPU
		Debug|x64 = Debug|x64
		Debug|x86 = Debug|x86
		Release|Any CPU = Release|Any CPU
		Release|x64 = Release|x64
		Release|x86 = Release|x86
	EndGlobalSection
	GlobalSection(ProjectConfigurationPlatforms) = postSolution
		{1237AE53-5FAE-4F62-95F6-DFB8B6CFEACF}.Debug|Any CPU.ActiveCfg = Debug|Any CPU
		{1237AE53-5FAE-4F62-95F6-DFB8B6CFEACF}.Debug|Any CPU.Build.0 = Debug|Any CPU
		{1237AE53-5FAE-4F62-95F6-DFB8B6CFEACF}.Debug|x64.ActiveCfg = Debug|Any CPU
		{1237AE53-5FAE-4F62-95F6-DFB8B6CFEACF}.Debug|x64.Build.0 = Debug|Any CPU
		{1237AE53-5FAE-4F62-95F6-DFB8B6CFEACF}.Debug|x86.ActiveCfg = Debug|Any CPU
		{1237AE53-5FAE-4F62-95F6-DFB8B6CFEACF}.Debug|x86.Build.0 = Debug|Any CPU
		{1237AE53-5FAE-4F62-95F6-DFB8B6CFEACF}.Release|Any CPU.ActiveCfg = Release|Any CPU
		{1237AE53-5FAE-4F62-95F6-DFB8B6CFEACF}.Release|Any CPU.Build.0 = Release|Any CPU
		{1237AE53-5FAE-4F62-95F6-DFB8B6CFEACF}.Release|x64.ActiveCfg = Release|Any CPU
		{1237AE53-5FAE-4F62-95F6-DFB8B6CFEACF}.Release|x64.Build.0 = Release|Any CPU
		{1237AE53-5FAE-4F62-95F6-DFB8B6CFEACF}.Release|x86.ActiveCfg = Release|Any CPU
		{1237AE53-5FAE-4F62-95F6-DFB8B6CFEACF}.Release|x86.Build.0 = Release|Any CPU
		{FDED5F20-7040-4AD9-8269-C40C0AF169DB}.Debug|Any CPU.ActiveCfg = Debug|Win32
		{FDED5F20-7040-4AD9-8269-C40C0AF169DB}.Debug|x64.ActiveCfg = Debug|x64
		{FDED5F20-7040-4AD9-8269-C40C0AF169DB}.Debug|x64.Build.0 = Debug|x64
		{FDED5F20-7040-4AD9-8269-C40C0AF169DB}.Debug|x86.ActiveCfg = Debug|Win32
		{FDED5F20-7040-4AD9-8269-C40C0AF169DB}.Debug|x86.Build.0 = Debug|Win32
		{FDED5F20-7040-4AD9-8269-C40C0AF169DB}.Release|Any CPU.ActiveCfg = Release|Win32
		{FDED5F20-7040-4AD9-8269-C40C0AF169DB}.Release|x64.ActiveCfg = Release|x64
		{FDED5F20-7040-4AD9-8269-C40C0AF169DB}.Release|x64.Build.0 = Release|x64
		{FDED5F20-7040-4AD9-8269-C40C0AF169DB}.Release|x86.ActiveCfg = Release|Win32
		{FDED5F20-7040-4AD9-8269-C40C0AF169DB}.Release|x86.Build.0 = Release|Win32
		{51CE47A0-BBB1-4580-8337-0EF3B44EC1AA}.Debug|Any CPU.ActiveCfg = Debug|Any CPU
		{51CE47A0-BBB1-4580-8337-0EF3B44EC1AA}.Debug|Any CPU.Build.0 = Debug|Any CPU
		{51CE47A0-BBB1-4580-8337-0EF3B44EC1AA}.Debug|x64.ActiveCfg = Debug|Any CPU
		{51CE47A0-BBB1-4580-8337-0EF3B44EC1AA}.Debug|x64.Build.0 = Debug|Any CPU
		{51CE47A0-BBB1-4580-8337-0EF3B44EC1AA}.Debug|x86.ActiveCfg = Debug|Any CPU
		{51CE47A0-BBB1-4580-8337-0EF3B44EC1AA}.Debug|x86.Build.0 = Debug|Any CPU
		{51CE47A0-BBB1-4580-8337-0EF3B44EC1AA}.Release|Any CPU.ActiveCfg = Release|Any CPU
		{51CE47A0-BBB1-4580-8337-0EF3B44EC1AA}.Release|Any CPU.Build.0 = Release|Any CPU
		{51CE47A0-BBB1-4580-8337-0EF3B44EC1AA}.Release|x64.ActiveCfg = Release|Any CPU
		{51CE47A0-BBB1-4580-8337-0EF3B44EC1AA}.Release|x64.Build.0 = Release|Any CPU
		{51CE47A0-BBB1-4580-8337-0EF3B44EC1AA}.Release|x86.ActiveCfg = Release|Any CPU
		{51CE47A0-BBB1-4580-8337-0EF3B44EC1AA}.Release|x86.Build.0 = Release|Any CPU
	EndGlobalSection
	GlobalSection(SolutionProperties) = preSolution
		HideSolutionNode = FALSE
	EndGlobalSection
	GlobalSection(ExtensibilityGlobals) = postSolution
		SolutionGuid = {9CB77A43-0B7F-42CE-AA28-7EEE6D377FD8}
	EndGlobalSection
EndGlobal
