
Microsoft Visual Studio Solution File, Format Version 12.00
# Visual Studio Version 16
VisualStudioVersion = 16.0.29519.181
MinimumVisualStudioVersion = 10.0.40219.1
Project("{FAE04EC0-301F-11D3-BF4B-00C04F79EFBC}") = "BTD6-Trainer", "BTD6-Trainer\BTD6-Trainer.csproj", "{E38762DE-934D-4AAD-A962-62760308110D}"
EndProject
Global
	GlobalSection(SolutionConfigurationPlatforms) = preSolution
		Debug|Any CPU = Debug|Any CPU
		Release|Any CPU = Release|Any CPU
	EndGlobalSection
	GlobalSection(ProjectConfigurationPlatforms) = postSolution
		{E38762DE-934D-4AAD-A962-62760308110D}.Debug|Any CPU.ActiveCfg = Debug|Any CPU
		{E38762DE-934D-4AAD-A962-62760308110D}.Debug|Any CPU.Build.0 = Debug|Any CPU
		{E38762DE-934D-4AAD-A962-62760308110D}.Release|Any CPU.ActiveCfg = Release|Any CPU
		{E38762DE-934D-4AAD-A962-62760308110D}.Release|Any CPU.Build.0 = Release|Any CPU
	EndGlobalSection
	GlobalSection(SolutionProperties) = preSolution
		HideSolutionNode = FALSE
	EndGlobalSection
	GlobalSection(ExtensibilityGlobals) = postSolution
		SolutionGuid = {55C5B7FA-9F36-4261-A883-12F997B43515}
	EndGlobalSection
EndGlobal
